PODS:
  - ZQRScannerLib (1.0.0)

DEPENDENCIES:
  - ZQRScannerLib (from `https://github.com/nagmanisinghzensar/ZenScanner`)

EXTERNAL SOURCES:
  ZQRScannerLib:
    :git: https://github.com/nagmanisinghzensar/ZenScanner

CHECKOUT OPTIONS:
  ZQRScannerLib:
    :commit: cf6e9a25af39cc05988b5ae4e4ac4926a4fd5b6c
    :git: https://github.com/nagmanisinghzensar/ZenScanner

SPEC CHECKSUMS:
  ZQRScannerLib: 53c2916e3f57851a43d3c261cc83ef5d2c3f716b

PODFILE CHECKSUM: 1ce66ed5775f73c76a1be3bbf742a1fc676999c7

COCOAPODS: 1.11.3
